
Microsoft Visual Studio Solution File, Format Version 12.00
# Visual Studio 15
VisualStudioVersion = 15.0.26228.9
MinimumVisualStudioVersion = 10.0.40219.1
Project("{FAE04EC0-301F-11D3-BF4B-00C04F79EFBC}") = "Zeus.Crawler", "Zeus.Crawler\Zeus.Crawler.csproj", "{680B4F5B-4EA6-4236-AED2-24D2B7C72314}"
EndProject
Project("{E53339B2-1760-4266-BCC7-CA923CBCF16C}") = "docker-compose", "docker-compose.dcproj", "{6831C076-334E-45EA-A16A-99EF758ECC22}"
EndProject
Project("{FAE04EC0-301F-11D3-BF4B-00C04F79EFBC}") = "Zeus.Crawler.Tests", "..\Zeus.Crawler.Tests\Zeus.Crawler.Tests.csproj", "{4FC7A61F-CCE2-41E4-81F9-E2EE0CD3E5AA}"
EndProject
Global
	GlobalSection(SolutionConfigurationPlatforms) = preSolution
		Debug|Any CPU = Debug|Any CPU
		Release|Any CPU = Release|Any CPU
	EndGlobalSection
	GlobalSection(ProjectConfigurationPlatforms) = postSolution
		{680B4F5B-4EA6-4236-AED2-24D2B7C72314}.Debug|Any CPU.ActiveCfg = Debug|Any CPU
		{680B4F5B-4EA6-4236-AED2-24D2B7C72314}.Debug|Any CPU.Build.0 = Debug|Any CPU
		{680B4F5B-4EA6-4236-AED2-24D2B7C72314}.Release|Any CPU.ActiveCfg = Release|Any CPU
		{680B4F5B-4EA6-4236-AED2-24D2B7C72314}.Release|Any CPU.Build.0 = Release|Any CPU
		{6831C076-334E-45EA-A16A-99EF758ECC22}.Debug|Any CPU.ActiveCfg = Debug|Any CPU
		{6831C076-334E-45EA-A16A-99EF758ECC22}.Debug|Any CPU.Build.0 = Debug|Any CPU
		{6831C076-334E-45EA-A16A-99EF758ECC22}.Release|Any CPU.ActiveCfg = Release|Any CPU
		{6831C076-334E-45EA-A16A-99EF758ECC22}.Release|Any CPU.Build.0 = Release|Any CPU
		{4FC7A61F-CCE2-41E4-81F9-E2EE0CD3E5AA}.Debug|Any CPU.ActiveCfg = Debug|Any CPU
		{4FC7A61F-CCE2-41E4-81F9-E2EE0CD3E5AA}.Debug|Any CPU.Build.0 = Debug|Any CPU
		{4FC7A61F-CCE2-41E4-81F9-E2EE0CD3E5AA}.Release|Any CPU.ActiveCfg = Release|Any CPU
		{4FC7A61F-CCE2-41E4-81F9-E2EE0CD3E5AA}.Release|Any CPU.Build.0 = Release|Any CPU
	EndGlobalSection
	GlobalSection(SolutionProperties) = preSolution
		HideSolutionNode = FALSE
	EndGlobalSection
EndGlobal
